
Microsoft Visual Studio Solution File, Format Version 12.00
# Visual Studio Version 16
VisualStudioVersion = 16.0.31613.86
MinimumVisualStudioVersion = 10.0.40219.1
Project("{FAE04EC0-301F-11D3-BF4B-00C04F79EFBC}") = "Rocky", "Rocky.csproj", "{27C7B8A1-8A61-4921-B101-958BAC8AFE0E}"
EndProject
Global
	GlobalSection(SolutionConfigurationPlatforms) = preSolution
		Debug|Any CPU = Debug|Any CPU
		Release|Any CPU = Release|Any CPU
	EndGlobalSection
	GlobalSection(ProjectConfigurationPlatforms) = postSolution
		{27C7B8A1-8A61-4921-B101-958BAC8AFE0E}.Debug|Any CPU.ActiveCfg = Debug|Any CPU
		{27C7B8A1-8A61-4921-B101-958BAC8AFE0E}.Debug|Any CPU.Build.0 = Debug|Any CPU
		{27C7B8A1-8A61-4921-B101-958BAC8AFE0E}.Release|Any CPU.ActiveCfg = Release|Any CPU
		{27C7B8A1-8A61-4921-B101-958BAC8AFE0E}.Release|Any CPU.Build.0 = Release|Any CPU
	EndGlobalSection
	GlobalSection(SolutionProperties) = preSolution
		HideSolutionNode = FALSE
	EndGlobalSection
	GlobalSection(ExtensibilityGlobals) = postSolution
		SolutionGuid = {FC35B9AD-F446-4364-9304-49649D8AC518}
	EndGlobalSection
EndGlobal
